
Microsoft Visual Studio Solution File, Format Version 12.00
# Visual Studio 2013
VisualStudioVersion = 12.0.30203.2
MinimumVisualStudioVersion = 10.0.40219.1
Project("{FAE04EC0-301F-11D3-BF4B-00C04F79EFBC}") = "ContosoCookbookHub", "ContosoCookbookHub\ContosoCookbookHub.csproj", "{F97EB7CA-AB05-4B74-A721-90E0C051897F}"
EndProject
Global
	GlobalSection(SolutionConfigurationPlatforms) = preSolution
		Debug|Any CPU = Debug|Any CPU
		Debug|ARM = Debug|ARM
		Debug|x86 = Debug|x86
		Release|Any CPU = Release|Any CPU
		Release|ARM = Release|ARM
		Release|x86 = Release|x86
	EndGlobalSection
	GlobalSection(ProjectConfigurationPlatforms) = postSolution
		{F97EB7CA-AB05-4B74-A721-90E0C051897F}.Debug|Any CPU.ActiveCfg = Debug|Any CPU
		{F97EB7CA-AB05-4B74-A721-90E0C051897F}.Debug|Any CPU.Build.0 = Debug|Any CPU
		{F97EB7CA-AB05-4B74-A721-90E0C051897F}.Debug|Any CPU.Deploy.0 = Debug|Any CPU
		{F97EB7CA-AB05-4B74-A721-90E0C051897F}.Debug|ARM.ActiveCfg = Debug|ARM
		{F97EB7CA-AB05-4B74-A721-90E0C051897F}.Debug|ARM.Build.0 = Debug|ARM
		{F97EB7CA-AB05-4B74-A721-90E0C051897F}.Debug|ARM.Deploy.0 = Debug|ARM
		{F97EB7CA-AB05-4B74-A721-90E0C051897F}.Debug|x86.ActiveCfg = Debug|x86
		{F97EB7CA-AB05-4B74-A721-90E0C051897F}.Debug|x86.Build.0 = Debug|x86
		{F97EB7CA-AB05-4B74-A721-90E0C051897F}.Debug|x86.Deploy.0 = Debug|x86
		{F97EB7CA-AB05-4B74-A721-90E0C051897F}.Release|Any CPU.ActiveCfg = Release|Any CPU
		{F97EB7CA-AB05-4B74-A721-90E0C051897F}.Release|Any CPU.Build.0 = Release|Any CPU
		{F97EB7CA-AB05-4B74-A721-90E0C051897F}.Release|Any CPU.Deploy.0 = Release|Any CPU
		{F97EB7CA-AB05-4B74-A721-90E0C051897F}.Release|ARM.ActiveCfg = Release|ARM
		{F97EB7CA-AB05-4B74-A721-90E0C051897F}.Release|ARM.Build.0 = Release|ARM
		{F97EB7CA-AB05-4B74-A721-90E0C051897F}.Release|ARM.Deploy.0 = Release|ARM
		{F97EB7CA-AB05-4B74-A721-90E0C051897F}.Release|x86.ActiveCfg = Release|x86
		{F97EB7CA-AB05-4B74-A721-90E0C051897F}.Release|x86.Build.0 = Release|x86
		{F97EB7CA-AB05-4B74-A721-90E0C051897F}.Release|x86.Deploy.0 = Release|x86
	EndGlobalSection
	GlobalSection(SolutionProperties) = preSolution
		HideSolutionNode = FALSE
	EndGlobalSection
EndGlobal
